// !$*UTF8*$!
{
	archiveVersion = 1;
	classes = {
	};
	objectVersion = 46;
	objects = {

/* Begin PBXBuildFile section */
		033688EA1C410FE300FE23CB /* AppDelegate.swift in Sources */ = {isa = PBXBuildFile; fileRef = 033688E91C410FE300FE23CB /* AppDelegate.swift */; };
		033688EC1C410FE300FE23CB /* Assets.xcassets in Resources */ = {isa = PBXBuildFile; fileRef = 033688EB1C410FE300FE23CB /* Assets.xcassets */; };
		033688EF1C410FE300FE23CB /* MainMenu.xib in Resources */ = {isa = PBXBuildFile; fileRef = 033688ED1C410FE300FE23CB /* MainMenu.xib */; };
		033688FA1C410FE300FE23CB /* ScreenTimeTests.swift in Sources */ = {isa = PBXBuildFile; fileRef = 033688F91C410FE300FE23CB /* ScreenTimeTests.swift */; };
		033689071C42A3E500FE23CB /* ScreenShooter.swift in Sources */ = {isa = PBXBuildFile; fileRef = 033689061C42A3E500FE23CB /* ScreenShooter.swift */; };
		033689091C42A56500FE23CB /* NSDateExtension.swift in Sources */ = {isa = PBXBuildFile; fileRef = 033689081C42A56500FE23CB /* NSDateExtension.swift */; };
		0336890B1C42F74500FE23CB /* NSImageExtension.swift in Sources */ = {isa = PBXBuildFile; fileRef = 0336890A1C42F74500FE23CB /* NSImageExtension.swift */; };
		0336890D1C43100F00FE23CB /* Consolidator.swift in Sources */ = {isa = PBXBuildFile; fileRef = 0336890C1C43100F00FE23CB /* Consolidator.swift */; };
		0336890F1C431AAB00FE23CB /* MovieMaker.swift in Sources */ = {isa = PBXBuildFile; fileRef = 0336890E1C431AAB00FE23CB /* MovieMaker.swift */; };
		033689111C49A52700FE23CB /* LaunchServicesHelper.swift in Sources */ = {isa = PBXBuildFile; fileRef = 033689101C49A52700FE23CB /* LaunchServicesHelper.swift */; };
/* End PBXBuildFile section */

/* Begin PBXContainerItemProxy section */
		033688F61C410FE300FE23CB /* PBXContainerItemProxy */ = {
			isa = PBXContainerItemProxy;
			containerPortal = 033688DE1C410FE300FE23CB /* Project object */;
			proxyType = 1;
			remoteGlobalIDString = 033688E51C410FE300FE23CB;
			remoteInfo = ScreenTime;
		};
/* End PBXContainerItemProxy section */

/* Begin PBXFileReference section */
		033688E61C410FE300FE23CB /* ScreenTime.app */ = {isa = PBXFileReference; explicitFileType = wrapper.application; includeInIndex = 0; path = ScreenTime.app; sourceTree = BUILT_PRODUCTS_DIR; };
		033688E91C410FE300FE23CB /* AppDelegate.swift */ = {isa = PBXFileReference; lastKnownFileType = sourcecode.swift; path = AppDelegate.swift; sourceTree = "<group>"; };
		033688EB1C410FE300FE23CB /* Assets.xcassets */ = {isa = PBXFileReference; lastKnownFileType = folder.assetcatalog; path = Assets.xcassets; sourceTree = "<group>"; };
		033688EE1C410FE300FE23CB /* Base */ = {isa = PBXFileReference; lastKnownFileType = file.xib; name = Base; path = Base.lproj/MainMenu.xib; sourceTree = "<group>"; };
		033688F01C410FE300FE23CB /* Info.plist */ = {isa = PBXFileReference; lastKnownFileType = text.plist.xml; path = Info.plist; sourceTree = "<group>"; };
		033688F51C410FE300FE23CB /* ScreenTimeTests.xctest */ = {isa = PBXFileReference; explicitFileType = wrapper.cfbundle; includeInIndex = 0; path = ScreenTimeTests.xctest; sourceTree = BUILT_PRODUCTS_DIR; };
		033688F91C410FE300FE23CB /* ScreenTimeTests.swift */ = {isa = PBXFileReference; lastKnownFileType = sourcecode.swift; path = ScreenTimeTests.swift; sourceTree = "<group>"; };
		033688FB1C410FE300FE23CB /* Info.plist */ = {isa = PBXFileReference; lastKnownFileType = text.plist.xml; path = Info.plist; sourceTree = "<group>"; };
		033689061C42A3E500FE23CB /* ScreenShooter.swift */ = {isa = PBXFileReference; fileEncoding = 4; lastKnownFileType = sourcecode.swift; path = ScreenShooter.swift; sourceTree = "<group>"; };
		033689081C42A56500FE23CB /* NSDateExtension.swift */ = {isa = PBXFileReference; fileEncoding = 4; lastKnownFileType = sourcecode.swift; path = NSDateExtension.swift; sourceTree = "<group>"; };
		0336890A1C42F74500FE23CB /* NSImageExtension.swift */ = {isa = PBXFileReference; fileEncoding = 4; lastKnownFileType = sourcecode.swift; path = NSImageExtension.swift; sourceTree = "<group>"; };
		0336890C1C43100F00FE23CB /* Consolidator.swift */ = {isa = PBXFileReference; fileEncoding = 4; lastKnownFileType = sourcecode.swift; path = Consolidator.swift; sourceTree = "<group>"; };
		0336890E1C431AAB00FE23CB /* MovieMaker.swift */ = {isa = PBXFileReference; fileEncoding = 4; lastKnownFileType = sourcecode.swift; path = MovieMaker.swift; sourceTree = "<group>"; };
		033689101C49A52700FE23CB /* LaunchServicesHelper.swift */ = {isa = PBXFileReference; fileEncoding = 4; lastKnownFileType = sourcecode.swift; path = LaunchServicesHelper.swift; sourceTree = "<group>"; };
/* End PBXFileReference section */

/* Begin PBXFrameworksBuildPhase section */
		033688E31C410FE300FE23CB /* Frameworks */ = {
			isa = PBXFrameworksBuildPhase;
			buildActionMask = 2147483647;
			files = (
			);
			runOnlyForDeploymentPostprocessing = 0;
		};
		033688F21C410FE300FE23CB /* Frameworks */ = {
			isa = PBXFrameworksBuildPhase;
			buildActionMask = 2147483647;
			files = (
			);
			runOnlyForDeploymentPostprocessing = 0;
		};
/* End PBXFrameworksBuildPhase section */

/* Begin PBXGroup section */
		033688DD1C410FE300FE23CB = {
			isa = PBXGroup;
			children = (
				033688E81C410FE300FE23CB /* ScreenTime */,
				033688F81C410FE300FE23CB /* ScreenTimeTests */,
				033688E71C410FE300FE23CB /* Products */,
			);
			sourceTree = "<group>";
		};
		033688E71C410FE300FE23CB /* Products */ = {
			isa = PBXGroup;
			children = (
				033688E61C410FE300FE23CB /* ScreenTime.app */,
				033688F51C410FE300FE23CB /* ScreenTimeTests.xctest */,
			);
			name = Products;
			sourceTree = "<group>";
		};
		033688E81C410FE300FE23CB /* ScreenTime */ = {
			isa = PBXGroup;
			children = (
				0336890A1C42F74500FE23CB /* NSImageExtension.swift */,
				033689081C42A56500FE23CB /* NSDateExtension.swift */,
				0336890E1C431AAB00FE23CB /* MovieMaker.swift */,
				0336890C1C43100F00FE23CB /* Consolidator.swift */,
				033689101C49A52700FE23CB /* LaunchServicesHelper.swift */,
				033689061C42A3E500FE23CB /* ScreenShooter.swift */,
				033688E91C410FE300FE23CB /* AppDelegate.swift */,
				033688EB1C410FE300FE23CB /* Assets.xcassets */,
				033688ED1C410FE300FE23CB /* MainMenu.xib */,
				033688F01C410FE300FE23CB /* Info.plist */,
			);
			path = ScreenTime;
			sourceTree = "<group>";
		};
		033688F81C410FE300FE23CB /* ScreenTimeTests */ = {
			isa = PBXGroup;
			children = (
				033688F91C410FE300FE23CB /* ScreenTimeTests.swift */,
				033688FB1C410FE300FE23CB /* Info.plist */,
			);
			path = ScreenTimeTests;
			sourceTree = "<group>";
		};
/* End PBXGroup section */

/* Begin PBXNativeTarget section */
		033688E51C410FE300FE23CB /* ScreenTime */ = {
			isa = PBXNativeTarget;
			buildConfigurationList = 033688FE1C410FE300FE23CB /* Build configuration list for PBXNativeTarget "ScreenTime" */;
			buildPhases = (
				033688E21C410FE300FE23CB /* Sources */,
				033688E31C410FE300FE23CB /* Frameworks */,
				033688E41C410FE300FE23CB /* Resources */,
			);
			buildRules = (
			);
			dependencies = (
			);
			name = ScreenTime;
			productName = ScreenTime;
			productReference = 033688E61C410FE300FE23CB /* ScreenTime.app */;
			productType = "com.apple.product-type.application";
		};
		033688F41C410FE300FE23CB /* ScreenTimeTests */ = {
			isa = PBXNativeTarget;
			buildConfigurationList = 033689011C410FE300FE23CB /* Build configuration list for PBXNativeTarget "ScreenTimeTests" */;
			buildPhases = (
				033688F11C410FE300FE23CB /* Sources */,
				033688F21C410FE300FE23CB /* Frameworks */,
				033688F31C410FE300FE23CB /* Resources */,
			);
			buildRules = (
			);
			dependencies = (
				033688F71C410FE300FE23CB /* PBXTargetDependency */,
			);
			name = ScreenTimeTests;
			productName = ScreenTimeTests;
			productReference = 033688F51C410FE300FE23CB /* ScreenTimeTests.xctest */;
			productType = "com.apple.product-type.bundle.unit-test";
		};
/* End PBXNativeTarget section */

/* Begin PBXProject section */
		033688DE1C410FE300FE23CB /* Project object */ = {
			isa = PBXProject;
			attributes = {
				LastSwiftUpdateCheck = 0720;
				LastUpgradeCheck = 0720;
				ORGANIZATIONNAME = "Nicolas Seriot";
				TargetAttributes = {
					033688E51C410FE300FE23CB = {
						CreatedOnToolsVersion = 7.2;
					};
					033688F41C410FE300FE23CB = {
						CreatedOnToolsVersion = 7.2;
						TestTargetID = 033688E51C410FE300FE23CB;
					};
				};
			};
			buildConfigurationList = 033688E11C410FE300FE23CB /* Build configuration list for PBXProject "ScreenTime" */;
			compatibilityVersion = "Xcode 3.2";
			developmentRegion = English;
			hasScannedForEncodings = 0;
			knownRegions = (
				en,
				Base,
			);
			mainGroup = 033688DD1C410FE300FE23CB;
			productRefGroup = 033688E71C410FE300FE23CB /* Products */;
			projectDirPath = "";
			projectRoot = "";
			targets = (
				033688E51C410FE300FE23CB /* ScreenTime */,
				033688F41C410FE300FE23CB /* ScreenTimeTests */,
			);
		};
/* End PBXProject section */

/* Begin PBXResourcesBuildPhase section */
		033688E41C410FE300FE23CB /* Resources */ = {
			isa = PBXResourcesBuildPhase;
			buildActionMask = 2147483647;
			files = (
				033688EC1C410FE300FE23CB /* Assets.xcassets in Resources */,
				033688EF1C410FE300FE23CB /* MainMenu.xib in Resources */,
			);
			runOnlyForDeploymentPostprocessing = 0;
		};
		033688F31C410FE300FE23CB /* Resources */ = {
			isa = PBXResourcesBuildPhase;
			buildActionMask = 2147483647;
			files = (
			);
			runOnlyForDeploymentPostprocessing = 0;
		};
/* End PBXResourcesBuildPhase section */

/* Begin PBXSourcesBuildPhase section */
		033688E21C410FE300FE23CB /* Sources */ = {
			isa = PBXSourcesBuildPhase;
			buildActionMask = 2147483647;
			files = (
				033689091C42A56500FE23CB /* NSDateExtension.swift in Sources */,
				033688EA1C410FE300FE23CB /* AppDelegate.swift in Sources */,
				0336890D1C43100F00FE23CB /* Consolidator.swift in Sources */,
				033689111C49A52700FE23CB /* LaunchServicesHelper.swift in Sources */,
				0336890F1C431AAB00FE23CB /* MovieMaker.swift in Sources */,
				0336890B1C42F74500FE23CB /* NSImageExtension.swift in Sources */,
				033689071C42A3E500FE23CB /* ScreenShooter.swift in Sources */,
			);
			runOnlyForDeploymentPostprocessing = 0;
		};
		033688F11C410FE300FE23CB /* Sources */ = {
			isa = PBXSourcesBuildPhase;
			buildActionMask = 2147483647;
			files = (
				033688FA1C410FE300FE23CB /* ScreenTimeTests.swift in Sources */,
			);
			runOnlyForDeploymentPostprocessing = 0;
		};
/* End PBXSourcesBuildPhase section */

/* Begin PBXTargetDependency section */
		033688F71C410FE300FE23CB /* PBXTargetDependency */ = {
			isa = PBXTargetDependency;
			target = 033688E51C410FE300FE23CB /* ScreenTime */;
			targetProxy = 033688F61C410FE300FE23CB /* PBXContainerItemProxy */;
		};
/* End PBXTargetDependency section */

/* Begin PBXVariantGroup section */
		033688ED1C410FE300FE23CB /* MainMenu.xib */ = {
			isa = PBXVariantGroup;
			children = (
				033688EE1C410FE300FE23CB /* Base */,
			);
			name = MainMenu.xib;
			sourceTree = "<group>";
		};
/* End PBXVariantGroup section */

/* Begin XCBuildConfiguration section */
		033688FC1C410FE300FE23CB /* Debug */ = {
			isa = XCBuildConfiguration;
			buildSettings = {
				ALWAYS_SEARCH_USER_PATHS = NO;
				CLANG_CXX_LANGUAGE_STANDARD = "gnu++0x";
				CLANG_CXX_LIBRARY = "libc++";
				CLANG_ENABLE_MODULES = YES;
				CLANG_ENABLE_OBJC_ARC = YES;
				CLANG_WARN_BOOL_CONVERSION = YES;
				CLANG_WARN_CONSTANT_CONVERSION = YES;
				CLANG_WARN_DIRECT_OBJC_ISA_USAGE = YES_ERROR;
				CLANG_WARN_EMPTY_BODY = YES;
				CLANG_WARN_ENUM_CONVERSION = YES;
				CLANG_WARN_INT_CONVERSION = YES;
				CLANG_WARN_OBJC_ROOT_CLASS = YES_ERROR;
				CLANG_WARN_UNREACHABLE_CODE = YES;
				CLANG_WARN__DUPLICATE_METHOD_MATCH = YES;
				CODE_SIGN_IDENTITY = "-";
				COPY_PHASE_STRIP = NO;
				DEBUG_INFORMATION_FORMAT = dwarf;
				ENABLE_STRICT_OBJC_MSGSEND = YES;
				ENABLE_TESTABILITY = YES;
				GCC_C_LANGUAGE_STANDARD = gnu99;
				GCC_DYNAMIC_NO_PIC = NO;
				GCC_NO_COMMON_BLOCKS = YES;
				GCC_OPTIMIZATION_LEVEL = 0;
				GCC_PREPROCESSOR_DEFINITIONS = (
					"DEBUG=1",
					"$(inherited)",
				);
				GCC_WARN_64_TO_32_BIT_CONVERSION = YES;
				GCC_WARN_ABOUT_RETURN_TYPE = YES_ERROR;
				GCC_WARN_UNDECLARED_SELECTOR = YES;
				GCC_WARN_UNINITIALIZED_AUTOS = YES_AGGRESSIVE;
				GCC_WARN_UNUSED_FUNCTION = YES;
				GCC_WARN_UNUSED_VARIABLE = YES;
				MACOSX_DEPLOYMENT_TARGET = 10.11;
				MTL_ENABLE_DEBUG_INFO = YES;
				ONLY_ACTIVE_ARCH = YES;
				SDKROOT = macosx;
				SWIFT_OPTIMIZATION_LEVEL = "-Onone";
			};
			name = Debug;
		};
		033688FD1C410FE300FE23CB /* Release */ = {
			isa = XCBuildConfiguration;
			buildSettings = {
				ALWAYS_SEARCH_USER_PATHS = NO;
				CLANG_CXX_LANGUAGE_STANDARD = "gnu++0x";
				CLANG_CXX_LIBRARY = "libc++";
				CLANG_ENABLE_MODULES = YES;
				CLANG_ENABLE_OBJC_ARC = YES;
				CLANG_WARN_BOOL_CONVERSION = YES;
				CLANG_WARN_CONSTANT_CONVERSION = YES;
				CLANG_WARN_DIRECT_OBJC_ISA_USAGE = YES_ERROR;
				CLANG_WARN_EMPTY_BODY = YES;
				CLANG_WARN_ENUM_CONVERSION = YES;
				CLANG_WARN_INT_CONVERSION = YES;
				CLANG_WARN_OBJC_ROOT_CLASS = YES_ERROR;
				CLANG_WARN_UNREACHABLE_CODE = YES;
				CLANG_WARN__DUPLICATE_METHOD_MATCH = YES;
				CODE_SIGN_IDENTITY = "-";
				COPY_PHASE_STRIP = NO;
				DEBUG_INFORMATION_FORMAT = "dwarf-with-dsym";
				ENABLE_NS_ASSERTIONS = NO;
				ENABLE_STRICT_OBJC_MSGSEND = YES;
				GCC_C_LANGUAGE_STANDARD = gnu99;
				GCC_NO_COMMON_BLOCKS = YES;
				GCC_WARN_64_TO_32_BIT_CONVERSION = YES;
				GCC_WARN_ABOUT_RETURN_TYPE = YES_ERROR;
				GCC_WARN_UNDECLARED_SELECTOR = YES;
				GCC_WARN_UNINITIALIZED_AUTOS = YES_AGGRESSIVE;
				GCC_WARN_UNUSED_FUNCTION = YES;
				GCC_WARN_UNUSED_VARIABLE = YES;
				MACOSX_DEPLOYMENT_TARGET = 10.11;
				MTL_ENABLE_DEBUG_INFO = NO;
				SDKROOT = macosx;
			};
			name = Release;
		};
		033688FF1C410FE300FE23CB /* Debug */ = {
			isa = XCBuildConfiguration;
			buildSettings = {
				ASSETCATALOG_COMPILER_APPICON_NAME = AppIcon;
				COMBINE_HIDPI_IMAGES = YES;
				INFOPLIST_FILE = ScreenTime/Info.plist;
				LD_RUNPATH_SEARCH_PATHS = "$(inherited) @executable_path/../Frameworks";
				PRODUCT_BUNDLE_IDENTIFIER = ch.seriot.ScreenTime;
				PRODUCT_NAME = "$(TARGET_NAME)";
			};
			name = Debug;
		};
		033689001C410FE300FE23CB /* Release */ = {
			isa = XCBuildConfiguration;
			buildSettings = {
				ASSETCATALOG_COMPILER_APPICON_NAME = AppIcon;
				COMBINE_HIDPI_IMAGES = YES;
				INFOPLIST_FILE = ScreenTime/Info.plist;
				LD_RUNPATH_SEARCH_PATHS = "$(inherited) @executable_path/../Frameworks";
				PRODUCT_BUNDLE_IDENTIFIER = ch.seriot.ScreenTime;
				PRODUCT_NAME = "$(TARGET_NAME)";
			};
			name = Release;
		};
		033689021C410FE300FE23CB /* Debug */ = {
			isa = XCBuildConfiguration;
			buildSettings = {
				BUNDLE_LOADER = "$(TEST_HOST)";
				COMBINE_HIDPI_IMAGES = YES;
				INFOPLIST_FILE = ScreenTimeTests/Info.plist;
				LD_RUNPATH_SEARCH_PATHS = "$(inherited) @executable_path/../Frameworks @loader_path/../Frameworks";
				PRODUCT_BUNDLE_IDENTIFIER = ch.seriot.ScreenTimeTests;
				PRODUCT_NAME = "$(TARGET_NAME)";
				TEST_HOST = "$(BUILT_PRODUCTS_DIR)/ScreenTime.app/Contents/MacOS/ScreenTime";
			};
			name = Debug;
		};
		033689031C410FE300FE23CB /* Release */ = {
			isa = XCBuildConfiguration;
			buildSettings = {
				BUNDLE_LOADER = "$(TEST_HOST)";
				COMBINE_HIDPI_IMAGES = YES;
				INFOPLIST_FILE = ScreenTimeTests/Info.plist;
				LD_RUNPATH_SEARCH_PATHS = "$(inherited) @executable_path/../Frameworks @loader_path/../Frameworks";
				PRODUCT_BUNDLE_IDENTIFIER = ch.seriot.ScreenTimeTests;
				PRODUCT_NAME = "$(TARGET_NAME)";
				TEST_HOST = "$(BUILT_PRODUCTS_DIR)/ScreenTime.app/Contents/MacOS/ScreenTime";
			};
			name = Release;
		};
/* End XCBuildConfiguration section */

/* Begin XCConfigurationList section */
		033688E11C410FE300FE23CB /* Build configuration list for PBXProject "ScreenTime" */ = {
			isa = XCConfigurationList;
			buildConfigurations = (
				033688FC1C410FE300FE23CB /* Debug */,
				033688FD1C410FE300FE23CB /* Release */,
			);
			defaultConfigurationIsVisible = 0;
			defaultConfigurationName = Release;
		};
		033688FE1C410FE300FE23CB /* Build configuration list for PBXNativeTarget "ScreenTime" */ = {
			isa = XCConfigurationList;
			buildConfigurations = (
				033688FF1C410FE300FE23CB /* Debug */,
				033689001C410FE300FE23CB /* Release */,
			);
			defaultConfigurationIsVisible = 0;
		};
		033689011C410FE300FE23CB /* Build configuration list for PBXNativeTarget "ScreenTimeTests" */ = {
			isa = XCConfigurationList;
			buildConfigurations = (
				033689021C410FE300FE23CB /* Debug */,
				033689031C410FE300FE23CB /* Release */,
			);
			defaultConfigurationIsVisible = 0;
		};
/* End XCConfigurationList section */
	};
	rootObject = 033688DE1C410FE300FE23CB /* Project object */;
}
